// !$*UTF8*$!
{
	archiveVersion = 1;
	classes = {
	};
	objectVersion = 55;
	objects = {

/* Begin PBXBuildFile section */
		4D0A04E7236568762D9AC13B /* Pods_ChallengeAI_ChallengeAIUITests.framework in Frameworks */ = {isa = PBXBuildFile; fileRef = 345A606FB51428487688A13B /* Pods_ChallengeAI_ChallengeAIUITests.framework */; };
		BF1E2B2170540E0F16AC98F1 /* Pods_ChallengeAITests.framework in Frameworks */ = {isa = PBXBuildFile; fileRef = 0AEB9CEBD1F97AC4380E28CB /* Pods_ChallengeAITests.framework */; };
		DA102B3D2CE15E2C002B9DF1 /* WelcomeView.swift in Sources */ = {isa = PBXBuildFile; fileRef = DA102B3C2CE15E2C002B9DF1 /* WelcomeView.swift */; };
		DA102B3F2CE1675A002B9DF1 /* AppState.swift in Sources */ = {isa = PBXBuildFile; fileRef = DA102B3E2CE1675A002B9DF1 /* AppState.swift */; };
		DA102B412CE2FC74002B9DF1 /* DashboardView.swift in Sources */ = {isa = PBXBuildFile; fileRef = DA102B402CE2FC74002B9DF1 /* DashboardView.swift */; };
		DADA6F722CBDEF8C00DE6808 /* Persistence.swift in Sources */ = {isa = PBXBuildFile; fileRef = DADA6F632CBDEF8C00DE6808 /* Persistence.swift */; };
		DADA6F732CBDEF8C00DE6808 /* LoginView.swift in Sources */ = {isa = PBXBuildFile; fileRef = DADA6F672CBDEF8C00DE6808 /* LoginView.swift */; };
		DADA6F742CBDEF8C00DE6808 /* OnboardingView.swift in Sources */ = {isa = PBXBuildFile; fileRef = DADA6F682CBDEF8C00DE6808 /* OnboardingView.swift */; };
		DADA6F752CBDEF8C00DE6808 /* ContentView.swift in Sources */ = {isa = PBXBuildFile; fileRef = DADA6F6A2CBDEF8C00DE6808 /* ContentView.swift */; };
		DADA6F762CBDEF8C00DE6808 /* ChallengeAI.xcdatamodeld in Sources */ = {isa = PBXBuildFile; fileRef = DADA6F6E2CBDEF8C00DE6808 /* ChallengeAI.xcdatamodeld */; };
		DADA6F772CBDEF8C00DE6808 /* ChallengeAIApp.swift in Sources */ = {isa = PBXBuildFile; fileRef = DADA6F6F2CBDEF8C00DE6808 /* ChallengeAIApp.swift */; };
		DADA6F782CBDEF8C00DE6808 /* Preview Assets.xcassets in Resources */ = {isa = PBXBuildFile; fileRef = DADA6F652CBDEF8C00DE6808 /* Preview Assets.xcassets */; };
		DADA6F792CBDEF8C00DE6808 /* Assets.xcassets in Resources */ = {isa = PBXBuildFile; fileRef = DADA6F6C2CBDEF8C00DE6808 /* Assets.xcassets */; };
		DADAAE492CE7EC6200E47B1B /* ForgotPasswordView.swift in Sources */ = {isa = PBXBuildFile; fileRef = DADAAE482CE7EC6200E47B1B /* ForgotPasswordView.swift */; };
		DADAAE4B2CE802CD00E47B1B /* UserPreferences.swift in Sources */ = {isa = PBXBuildFile; fileRef = DADAAE4A2CE802CD00E47B1B /* UserPreferences.swift */; };
		DADAAE4E2CE8030F00E47B1B /* generateChallenge.swift in Sources */ = {isa = PBXBuildFile; fileRef = DADAAE4D2CE8030F00E47B1B /* generateChallenge.swift */; };
		DADAAE502CE8034300E47B1B /* ChallengesView.swift in Sources */ = {isa = PBXBuildFile; fileRef = DADAAE4F2CE8034300E47B1B /* ChallengesView.swift */; };
		DADAAE522CE8051900E47B1B /* fetchAIChallenge.swift in Sources */ = {isa = PBXBuildFile; fileRef = DADAAE512CE8051900E47B1B /* fetchAIChallenge.swift */; };
		DADAAE542CE8054700E47B1B /* PreferencesView.swift in Sources */ = {isa = PBXBuildFile; fileRef = DADAAE532CE8054700E47B1B /* PreferencesView.swift */; };
		DADAAE562CE8068C00E47B1B /* Challenge.swift in Sources */ = {isa = PBXBuildFile; fileRef = DADAAE552CE8068C00E47B1B /* Challenge.swift */; };
		DADAAE582CE806E000E47B1B /* AIChallengeService.swift in Sources */ = {isa = PBXBuildFile; fileRef = DADAAE572CE806E000E47B1B /* AIChallengeService.swift */; };
		FAF65996312EFB6549BB1F2C /* Pods_ChallengeAI.framework in Frameworks */ = {isa = PBXBuildFile; fileRef = F2B735079E21F5CF0221CF01 /* Pods_ChallengeAI.framework */; };
/* End PBXBuildFile section */

/* Begin PBXContainerItemProxy section */
		DAADC96F2CACB5AE00B3695C /* PBXContainerItemProxy */ = {
			isa = PBXContainerItemProxy;
			containerPortal = DAADC9502CACB5AC00B3695C /* Project object */;
			proxyType = 1;
			remoteGlobalIDString = DAADC9572CACB5AC00B3695C;
			remoteInfo = ChallengeAI;
		};
		DAADC9792CACB5AF00B3695C /* PBXContainerItemProxy */ = {
			isa = PBXContainerItemProxy;
			containerPortal = DAADC9502CACB5AC00B3695C /* Project object */;
			proxyType = 1;
			remoteGlobalIDString = DAADC9572CACB5AC00B3695C;
			remoteInfo = ChallengeAI;
		};
/* End PBXContainerItemProxy section */

/* Begin PBXFileReference section */
		0AEB9CEBD1F97AC4380E28CB /* Pods_ChallengeAITests.framework */ = {isa = PBXFileReference; explicitFileType = wrapper.framework; includeInIndex = 0; path = Pods_ChallengeAITests.framework; sourceTree = BUILT_PRODUCTS_DIR; };
		245D4830A0B579A71517F65A /* Pods-ChallengeAI-ChallengeAIUITests.debug.xcconfig */ = {isa = PBXFileReference; includeInIndex = 1; lastKnownFileType = text.xcconfig; name = "Pods-ChallengeAI-ChallengeAIUITests.debug.xcconfig"; path = "Target Support Files/Pods-ChallengeAI-ChallengeAIUITests/Pods-ChallengeAI-ChallengeAIUITests.debug.xcconfig"; sourceTree = "<group>"; };
		345A606FB51428487688A13B /* Pods_ChallengeAI_ChallengeAIUITests.framework */ = {isa = PBXFileReference; explicitFileType = wrapper.framework; includeInIndex = 0; path = Pods_ChallengeAI_ChallengeAIUITests.framework; sourceTree = BUILT_PRODUCTS_DIR; };
		5486912CF37DEF70DC5EF67E /* Pods-ChallengeAITests.release.xcconfig */ = {isa = PBXFileReference; includeInIndex = 1; lastKnownFileType = text.xcconfig; name = "Pods-ChallengeAITests.release.xcconfig"; path = "Target Support Files/Pods-ChallengeAITests/Pods-ChallengeAITests.release.xcconfig"; sourceTree = "<group>"; };
		6ED98833F4A42129EF8403E9 /* Pods-ChallengeAI.debug.xcconfig */ = {isa = PBXFileReference; includeInIndex = 1; lastKnownFileType = text.xcconfig; name = "Pods-ChallengeAI.debug.xcconfig"; path = "Target Support Files/Pods-ChallengeAI/Pods-ChallengeAI.debug.xcconfig"; sourceTree = "<group>"; };
		8031F589D06568C0B69027AB /* Pods-ChallengeAITests.debug.xcconfig */ = {isa = PBXFileReference; includeInIndex = 1; lastKnownFileType = text.xcconfig; name = "Pods-ChallengeAITests.debug.xcconfig"; path = "Target Support Files/Pods-ChallengeAITests/Pods-ChallengeAITests.debug.xcconfig"; sourceTree = "<group>"; };
		C6509C3641335F927D248E99 /* Pods-ChallengeAI-ChallengeAIUITests.release.xcconfig */ = {isa = PBXFileReference; includeInIndex = 1; lastKnownFileType = text.xcconfig; name = "Pods-ChallengeAI-ChallengeAIUITests.release.xcconfig"; path = "Target Support Files/Pods-ChallengeAI-ChallengeAIUITests/Pods-ChallengeAI-ChallengeAIUITests.release.xcconfig"; sourceTree = "<group>"; };
		DA102B3C2CE15E2C002B9DF1 /* WelcomeView.swift */ = {isa = PBXFileReference; lastKnownFileType = sourcecode.swift; path = WelcomeView.swift; sourceTree = "<group>"; };
		DA102B3E2CE1675A002B9DF1 /* AppState.swift */ = {isa = PBXFileReference; lastKnownFileType = sourcecode.swift; path = AppState.swift; sourceTree = "<group>"; };
		DA102B402CE2FC74002B9DF1 /* DashboardView.swift */ = {isa = PBXFileReference; lastKnownFileType = sourcecode.swift; path = DashboardView.swift; sourceTree = "<group>"; };
		DAADC9582CACB5AC00B3695C /* ChallengeAI.app */ = {isa = PBXFileReference; explicitFileType = wrapper.application; includeInIndex = 0; path = ChallengeAI.app; sourceTree = BUILT_PRODUCTS_DIR; };
		DAADC96E2CACB5AE00B3695C /* ChallengeAITests.xctest */ = {isa = PBXFileReference; explicitFileType = wrapper.cfbundle; includeInIndex = 0; path = ChallengeAITests.xctest; sourceTree = BUILT_PRODUCTS_DIR; };
		DAADC9782CACB5AF00B3695C /* ChallengeAIUITests.xctest */ = {isa = PBXFileReference; explicitFileType = wrapper.cfbundle; includeInIndex = 0; path = ChallengeAIUITests.xctest; sourceTree = BUILT_PRODUCTS_DIR; };
		DADA6F632CBDEF8C00DE6808 /* Persistence.swift */ = {isa = PBXFileReference; lastKnownFileType = sourcecode.swift; path = Persistence.swift; sourceTree = "<group>"; };
		DADA6F652CBDEF8C00DE6808 /* Preview Assets.xcassets */ = {isa = PBXFileReference; lastKnownFileType = folder.assetcatalog; path = "Preview Assets.xcassets"; sourceTree = "<group>"; };
		DADA6F672CBDEF8C00DE6808 /* LoginView.swift */ = {isa = PBXFileReference; lastKnownFileType = sourcecode.swift; path = LoginView.swift; sourceTree = "<group>"; };
		DADA6F682CBDEF8C00DE6808 /* OnboardingView.swift */ = {isa = PBXFileReference; lastKnownFileType = sourcecode.swift; path = OnboardingView.swift; sourceTree = "<group>"; };
		DADA6F6A2CBDEF8C00DE6808 /* ContentView.swift */ = {isa = PBXFileReference; lastKnownFileType = sourcecode.swift; path = ContentView.swift; sourceTree = "<group>"; };
		DADA6F6C2CBDEF8C00DE6808 /* Assets.xcassets */ = {isa = PBXFileReference; lastKnownFileType = folder.assetcatalog; path = Assets.xcassets; sourceTree = "<group>"; };
		DADA6F6D2CBDEF8C00DE6808 /* ChallengeAI.entitlements */ = {isa = PBXFileReference; lastKnownFileType = text.plist.entitlements; path = ChallengeAI.entitlements; sourceTree = "<group>"; };
		DADA6F6F2CBDEF8C00DE6808 /* ChallengeAIApp.swift */ = {isa = PBXFileReference; lastKnownFileType = sourcecode.swift; path = ChallengeAIApp.swift; sourceTree = "<group>"; };
		DADA6F712CBDEF8C00DE6808 /* ChallengeAI.xcdatamodel */ = {isa = PBXFileReference; lastKnownFileType = wrapper.xcdatamodel; path = ChallengeAI.xcdatamodel; sourceTree = "<group>"; };
		DADAAE482CE7EC6200E47B1B /* ForgotPasswordView.swift */ = {isa = PBXFileReference; lastKnownFileType = sourcecode.swift; path = ForgotPasswordView.swift; sourceTree = "<group>"; };
		DADAAE4A2CE802CD00E47B1B /* UserPreferences.swift */ = {isa = PBXFileReference; lastKnownFileType = sourcecode.swift; path = UserPreferences.swift; sourceTree = "<group>"; };
		DADAAE4D2CE8030F00E47B1B /* generateChallenge.swift */ = {isa = PBXFileReference; lastKnownFileType = sourcecode.swift; path = generateChallenge.swift; sourceTree = "<group>"; };
		DADAAE4F2CE8034300E47B1B /* ChallengesView.swift */ = {isa = PBXFileReference; lastKnownFileType = sourcecode.swift; path = ChallengesView.swift; sourceTree = "<group>"; };
		DADAAE512CE8051900E47B1B /* fetchAIChallenge.swift */ = {isa = PBXFileReference; lastKnownFileType = sourcecode.swift; path = fetchAIChallenge.swift; sourceTree = "<group>"; };
		DADAAE532CE8054700E47B1B /* PreferencesView.swift */ = {isa = PBXFileReference; lastKnownFileType = sourcecode.swift; path = PreferencesView.swift; sourceTree = "<group>"; };
		DADAAE552CE8068C00E47B1B /* Challenge.swift */ = {isa = PBXFileReference; lastKnownFileType = sourcecode.swift; path = Challenge.swift; sourceTree = "<group>"; };
		DADAAE572CE806E000E47B1B /* AIChallengeService.swift */ = {isa = PBXFileReference; lastKnownFileType = sourcecode.swift; path = AIChallengeService.swift; sourceTree = "<group>"; };
		F2B735079E21F5CF0221CF01 /* Pods_ChallengeAI.framework */ = {isa = PBXFileReference; explicitFileType = wrapper.framework; includeInIndex = 0; path = Pods_ChallengeAI.framework; sourceTree = BUILT_PRODUCTS_DIR; };
		FFECD44F003D3F8EBE28AC82 /* Pods-ChallengeAI.release.xcconfig */ = {isa = PBXFileReference; includeInIndex = 1; lastKnownFileType = text.xcconfig; name = "Pods-ChallengeAI.release.xcconfig"; path = "Target Support Files/Pods-ChallengeAI/Pods-ChallengeAI.release.xcconfig"; sourceTree = "<group>"; };
/* End PBXFileReference section */

/* Begin PBXFrameworksBuildPhase section */
		DAADC9552CACB5AC00B3695C /* Frameworks */ = {
			isa = PBXFrameworksBuildPhase;
			buildActionMask = 2147483647;
			files = (
				FAF65996312EFB6549BB1F2C /* Pods_ChallengeAI.framework in Frameworks */,
			);
			runOnlyForDeploymentPostprocessing = 0;
		};
		DAADC96B2CACB5AE00B3695C /* Frameworks */ = {
			isa = PBXFrameworksBuildPhase;
			buildActionMask = 2147483647;
			files = (
				BF1E2B2170540E0F16AC98F1 /* Pods_ChallengeAITests.framework in Frameworks */,
			);
			runOnlyForDeploymentPostprocessing = 0;
		};
		DAADC9752CACB5AF00B3695C /* Frameworks */ = {
			isa = PBXFrameworksBuildPhase;
			buildActionMask = 2147483647;
			files = (
				4D0A04E7236568762D9AC13B /* Pods_ChallengeAI_ChallengeAIUITests.framework in Frameworks */,
			);
			runOnlyForDeploymentPostprocessing = 0;
		};
/* End PBXFrameworksBuildPhase section */

/* Begin PBXGroup section */
		13890A0AF96D2C842A1F47EA /* Frameworks */ = {
			isa = PBXGroup;
			children = (
				F2B735079E21F5CF0221CF01 /* Pods_ChallengeAI.framework */,
				345A606FB51428487688A13B /* Pods_ChallengeAI_ChallengeAIUITests.framework */,
				0AEB9CEBD1F97AC4380E28CB /* Pods_ChallengeAITests.framework */,
			);
			name = Frameworks;
			sourceTree = "<group>";
		};
		518574450CD5B1CA60B9482E /* Pods */ = {
			isa = PBXGroup;
			children = (
				6ED98833F4A42129EF8403E9 /* Pods-ChallengeAI.debug.xcconfig */,
				FFECD44F003D3F8EBE28AC82 /* Pods-ChallengeAI.release.xcconfig */,
				245D4830A0B579A71517F65A /* Pods-ChallengeAI-ChallengeAIUITests.debug.xcconfig */,
				C6509C3641335F927D248E99 /* Pods-ChallengeAI-ChallengeAIUITests.release.xcconfig */,
				8031F589D06568C0B69027AB /* Pods-ChallengeAITests.debug.xcconfig */,
				5486912CF37DEF70DC5EF67E /* Pods-ChallengeAITests.release.xcconfig */,
			);
			path = Pods;
			sourceTree = "<group>";
		};
		DAADC94F2CACB5AC00B3695C = {
			isa = PBXGroup;
			children = (
				DADA6F702CBDEF8C00DE6808 /* ChallengeAI */,
				DAADC9712CACB5AE00B3695C /* ChallengeAITests */,
				DAADC97B2CACB5AF00B3695C /* ChallengeAIUITests */,
				DAADC9592CACB5AC00B3695C /* Products */,
				518574450CD5B1CA60B9482E /* Pods */,
				13890A0AF96D2C842A1F47EA /* Frameworks */,
			);
			sourceTree = "<group>";
		};
		DAADC9592CACB5AC00B3695C /* Products */ = {
			isa = PBXGroup;
			children = (
				DAADC9582CACB5AC00B3695C /* ChallengeAI.app */,
				DAADC96E2CACB5AE00B3695C /* ChallengeAITests.xctest */,
				DAADC9782CACB5AF00B3695C /* ChallengeAIUITests.xctest */,
			);
			name = Products;
			sourceTree = "<group>";
		};
		DAADC9712CACB5AE00B3695C /* ChallengeAITests */ = {
			isa = PBXGroup;
			children = (
			);
			path = ChallengeAITests;
			sourceTree = "<group>";
		};
		DAADC97B2CACB5AF00B3695C /* ChallengeAIUITests */ = {
			isa = PBXGroup;
			children = (
			);
			path = ChallengeAIUITests;
			sourceTree = "<group>";
		};
		DADA6F642CBDEF8C00DE6808 /* Model */ = {
			isa = PBXGroup;
			children = (
				DADA6F632CBDEF8C00DE6808 /* Persistence.swift */,
				DADAAE4A2CE802CD00E47B1B /* UserPreferences.swift */,
				DADAAE552CE8068C00E47B1B /* Challenge.swift */,
				DADAAE572CE806E000E47B1B /* AIChallengeService.swift */,
			);
			path = Model;
			sourceTree = "<group>";
		};
		DADA6F662CBDEF8C00DE6808 /* Preview Content */ = {
			isa = PBXGroup;
			children = (
				DADA6F652CBDEF8C00DE6808 /* Preview Assets.xcassets */,
			);
			path = "Preview Content";
			sourceTree = "<group>";
		};
		DADA6F692CBDEF8C00DE6808 /* View  */ = {
			isa = PBXGroup;
			children = (
				DADA6F672CBDEF8C00DE6808 /* LoginView.swift */,
				DADA6F682CBDEF8C00DE6808 /* OnboardingView.swift */,
				DA102B3C2CE15E2C002B9DF1 /* WelcomeView.swift */,
				DA102B3E2CE1675A002B9DF1 /* AppState.swift */,
				DADA6F6F2CBDEF8C00DE6808 /* ChallengeAIApp.swift */,
				DA102B402CE2FC74002B9DF1 /* DashboardView.swift */,
				DADAAE482CE7EC6200E47B1B /* ForgotPasswordView.swift */,
				DADAAE4F2CE8034300E47B1B /* ChallengesView.swift */,
			);
			path = "View ";
			sourceTree = "<group>";
		};
		DADA6F6B2CBDEF8C00DE6808 /* ViewModel */ = {
			isa = PBXGroup;
			children = (
				DADA6F6A2CBDEF8C00DE6808 /* ContentView.swift */,
			);
			path = ViewModel;
			sourceTree = "<group>";
		};
		DADA6F702CBDEF8C00DE6808 /* ChallengeAI */ = {
			isa = PBXGroup;
			children = (
				DADAAE4C2CE802FB00E47B1B /* Services */,
				DADA6F642CBDEF8C00DE6808 /* Model */,
				DADA6F662CBDEF8C00DE6808 /* Preview Content */,
				DADA6F692CBDEF8C00DE6808 /* View  */,
				DADA6F6B2CBDEF8C00DE6808 /* ViewModel */,
				DADA6F6C2CBDEF8C00DE6808 /* Assets.xcassets */,
				DADA6F6D2CBDEF8C00DE6808 /* ChallengeAI.entitlements */,
				DADA6F6E2CBDEF8C00DE6808 /* ChallengeAI.xcdatamodeld */,
			);
			path = ChallengeAI;
			sourceTree = "<group>";
		};
		DADAAE4C2CE802FB00E47B1B /* Services */ = {
			isa = PBXGroup;
			children = (
				DADAAE4D2CE8030F00E47B1B /* generateChallenge.swift */,
				DADAAE512CE8051900E47B1B /* fetchAIChallenge.swift */,
				DADAAE532CE8054700E47B1B /* PreferencesView.swift */,
			);
			path = Services;
			sourceTree = "<group>";
		};
/* End PBXGroup section */

/* Begin PBXNativeTarget section */
		DAADC9572CACB5AC00B3695C /* ChallengeAI */ = {
			isa = PBXNativeTarget;
			buildConfigurationList = DAADC9822CACB5AF00B3695C /* Build configuration list for PBXNativeTarget "ChallengeAI" */;
			buildPhases = (
				862698C3BF2FC842461A475A /* [CP] Check Pods Manifest.lock */,
				DAADC9542CACB5AC00B3695C /* Sources */,
				DAADC9552CACB5AC00B3695C /* Frameworks */,
				DAADC9562CACB5AC00B3695C /* Resources */,
				B029971E05A77A08AF234EBD /* [CP] Embed Pods Frameworks */,
			);
			buildRules = (
			);
			dependencies = (
			);
			name = ChallengeAI;
			productName = ChallengeAI;
			productReference = DAADC9582CACB5AC00B3695C /* ChallengeAI.app */;
			productType = "com.apple.product-type.application";
		};
		DAADC96D2CACB5AE00B3695C /* ChallengeAITests */ = {
			isa = PBXNativeTarget;
			buildConfigurationList = DAADC9852CACB5AF00B3695C /* Build configuration list for PBXNativeTarget "ChallengeAITests" */;
			buildPhases = (
				9D568F517CE56EE396C0CD07 /* [CP] Check Pods Manifest.lock */,
				DAADC96A2CACB5AE00B3695C /* Sources */,
				DAADC96B2CACB5AE00B3695C /* Frameworks */,
				DAADC96C2CACB5AE00B3695C /* Resources */,
			);
			buildRules = (
			);
			dependencies = (
				DAADC9702CACB5AE00B3695C /* PBXTargetDependency */,
			);
			name = ChallengeAITests;
			productName = ChallengeAITests;
			productReference = DAADC96E2CACB5AE00B3695C /* ChallengeAITests.xctest */;
			productType = "com.apple.product-type.bundle.unit-test";
		};
		DAADC9772CACB5AF00B3695C /* ChallengeAIUITests */ = {
			isa = PBXNativeTarget;
			buildConfigurationList = DAADC9882CACB5AF00B3695C /* Build configuration list for PBXNativeTarget "ChallengeAIUITests" */;
			buildPhases = (
				AC0A769A2DEDAC4DB9464C7E /* [CP] Check Pods Manifest.lock */,
				DAADC9742CACB5AF00B3695C /* Sources */,
				DAADC9752CACB5AF00B3695C /* Frameworks */,
				DAADC9762CACB5AF00B3695C /* Resources */,
				DFE9E1B1AAA1170C837C01B6 /* [CP] Embed Pods Frameworks */,
			);
			buildRules = (
			);
			dependencies = (
				DAADC97A2CACB5AF00B3695C /* PBXTargetDependency */,
			);
			name = ChallengeAIUITests;
			productName = ChallengeAIUITests;
			productReference = DAADC9782CACB5AF00B3695C /* ChallengeAIUITests.xctest */;
			productType = "com.apple.product-type.bundle.ui-testing";
		};
/* End PBXNativeTarget section */

/* Begin PBXProject section */
		DAADC9502CACB5AC00B3695C /* Project object */ = {
			isa = PBXProject;
			attributes = {
				BuildIndependentTargetsInParallel = 1;
				LastSwiftUpdateCheck = 1600;
				LastUpgradeCheck = 1600;
				TargetAttributes = {
					DAADC9572CACB5AC00B3695C = {
						CreatedOnToolsVersion = 16.0;
					};
					DAADC96D2CACB5AE00B3695C = {
						CreatedOnToolsVersion = 16.0;
						TestTargetID = DAADC9572CACB5AC00B3695C;
					};
					DAADC9772CACB5AF00B3695C = {
						CreatedOnToolsVersion = 16.0;
						TestTargetID = DAADC9572CACB5AC00B3695C;
					};
				};
			};
			buildConfigurationList = DAADC9532CACB5AC00B3695C /* Build configuration list for PBXProject "ChallengeAI" */;
			compatibilityVersion = "Xcode 13.0";
			developmentRegion = en;
			hasScannedForEncodings = 0;
			knownRegions = (
				en,
				Base,
			);
			mainGroup = DAADC94F2CACB5AC00B3695C;
			productRefGroup = DAADC9592CACB5AC00B3695C /* Products */;
			projectDirPath = "";
			projectRoot = "";
			targets = (
				DAADC9572CACB5AC00B3695C /* ChallengeAI */,
				DAADC96D2CACB5AE00B3695C /* ChallengeAITests */,
				DAADC9772CACB5AF00B3695C /* ChallengeAIUITests */,
			);
		};
/* End PBXProject section */

/* Begin PBXResourcesBuildPhase section */
		DAADC9562CACB5AC00B3695C /* Resources */ = {
			isa = PBXResourcesBuildPhase;
			buildActionMask = 2147483647;
			files = (
				DADA6F782CBDEF8C00DE6808 /* Preview Assets.xcassets in Resources */,
				DADA6F792CBDEF8C00DE6808 /* Assets.xcassets in Resources */,
			);
			runOnlyForDeploymentPostprocessing = 0;
		};
		DAADC96C2CACB5AE00B3695C /* Resources */ = {
			isa = PBXResourcesBuildPhase;
			buildActionMask = 2147483647;
			files = (
			);
			runOnlyForDeploymentPostprocessing = 0;
		};
		DAADC9762CACB5AF00B3695C /* Resources */ = {
			isa = PBXResourcesBuildPhase;
			buildActionMask = 2147483647;
			files = (
			);
			runOnlyForDeploymentPostprocessing = 0;
		};
/* End PBXResourcesBuildPhase section */

/* Begin PBXShellScriptBuildPhase section */
		862698C3BF2FC842461A475A /* [CP] Check Pods Manifest.lock */ = {
			isa = PBXShellScriptBuildPhase;
			buildActionMask = 2147483647;
			files = (
			);
			inputFileListPaths = (
			);
			inputPaths = (
				"${PODS_PODFILE_DIR_PATH}/Podfile.lock",
				"${PODS_ROOT}/Manifest.lock",
			);
			name = "[CP] Check Pods Manifest.lock";
			outputFileListPaths = (
			);
			outputPaths = (
				"$(DERIVED_FILE_DIR)/Pods-ChallengeAI-checkManifestLockResult.txt",
			);
			runOnlyForDeploymentPostprocessing = 0;
			shellPath = /bin/sh;
			shellScript = "diff \"${PODS_PODFILE_DIR_PATH}/Podfile.lock\" \"${PODS_ROOT}/Manifest.lock\" > /dev/null\nif [ $? != 0 ] ; then\n    # print error to STDERR\n    echo \"error: The sandbox is not in sync with the Podfile.lock. Run 'pod install' or update your CocoaPods installation.\" >&2\n    exit 1\nfi\n# This output is used by Xcode 'outputs' to avoid re-running this script phase.\necho \"SUCCESS\" > \"${SCRIPT_OUTPUT_FILE_0}\"\n";
			showEnvVarsInLog = 0;
		};
		9D568F517CE56EE396C0CD07 /* [CP] Check Pods Manifest.lock */ = {
			isa = PBXShellScriptBuildPhase;
			buildActionMask = 2147483647;
			files = (
			);
			inputFileListPaths = (
			);
			inputPaths = (
				"${PODS_PODFILE_DIR_PATH}/Podfile.lock",
				"${PODS_ROOT}/Manifest.lock",
			);
			name = "[CP] Check Pods Manifest.lock";
			outputFileListPaths = (
			);
			outputPaths = (
				"$(DERIVED_FILE_DIR)/Pods-ChallengeAITests-checkManifestLockResult.txt",
			);
			runOnlyForDeploymentPostprocessing = 0;
			shellPath = /bin/sh;
			shellScript = "diff \"${PODS_PODFILE_DIR_PATH}/Podfile.lock\" \"${PODS_ROOT}/Manifest.lock\" > /dev/null\nif [ $? != 0 ] ; then\n    # print error to STDERR\n    echo \"error: The sandbox is not in sync with the Podfile.lock. Run 'pod install' or update your CocoaPods installation.\" >&2\n    exit 1\nfi\n# This output is used by Xcode 'outputs' to avoid re-running this script phase.\necho \"SUCCESS\" > \"${SCRIPT_OUTPUT_FILE_0}\"\n";
			showEnvVarsInLog = 0;
		};
		AC0A769A2DEDAC4DB9464C7E /* [CP] Check Pods Manifest.lock */ = {
			isa = PBXShellScriptBuildPhase;
			buildActionMask = 2147483647;
			files = (
			);
			inputFileListPaths = (
			);
			inputPaths = (
				"${PODS_PODFILE_DIR_PATH}/Podfile.lock",
				"${PODS_ROOT}/Manifest.lock",
			);
			name = "[CP] Check Pods Manifest.lock";
			outputFileListPaths = (
			);
			outputPaths = (
				"$(DERIVED_FILE_DIR)/Pods-ChallengeAI-ChallengeAIUITests-checkManifestLockResult.txt",
			);
			runOnlyForDeploymentPostprocessing = 0;
			shellPath = /bin/sh;
			shellScript = "diff \"${PODS_PODFILE_DIR_PATH}/Podfile.lock\" \"${PODS_ROOT}/Manifest.lock\" > /dev/null\nif [ $? != 0 ] ; then\n    # print error to STDERR\n    echo \"error: The sandbox is not in sync with the Podfile.lock. Run 'pod install' or update your CocoaPods installation.\" >&2\n    exit 1\nfi\n# This output is used by Xcode 'outputs' to avoid re-running this script phase.\necho \"SUCCESS\" > \"${SCRIPT_OUTPUT_FILE_0}\"\n";
			showEnvVarsInLog = 0;
		};
		B029971E05A77A08AF234EBD /* [CP] Embed Pods Frameworks */ = {
			isa = PBXShellScriptBuildPhase;
			buildActionMask = 2147483647;
			files = (
			);
			inputFileListPaths = (
				"${PODS_ROOT}/Target Support Files/Pods-ChallengeAI/Pods-ChallengeAI-frameworks-${CONFIGURATION}-input-files.xcfilelist",
			);
			name = "[CP] Embed Pods Frameworks";
			outputFileListPaths = (
				"${PODS_ROOT}/Target Support Files/Pods-ChallengeAI/Pods-ChallengeAI-frameworks-${CONFIGURATION}-output-files.xcfilelist",
			);
			runOnlyForDeploymentPostprocessing = 0;
			shellPath = /bin/sh;
			shellScript = "\"${PODS_ROOT}/Target Support Files/Pods-ChallengeAI/Pods-ChallengeAI-frameworks.sh\"\n";
			showEnvVarsInLog = 0;
		};
		DFE9E1B1AAA1170C837C01B6 /* [CP] Embed Pods Frameworks */ = {
			isa = PBXShellScriptBuildPhase;
			buildActionMask = 2147483647;
			files = (
			);
			inputFileListPaths = (
				"${PODS_ROOT}/Target Support Files/Pods-ChallengeAI-ChallengeAIUITests/Pods-ChallengeAI-ChallengeAIUITests-frameworks-${CONFIGURATION}-input-files.xcfilelist",
			);
			name = "[CP] Embed Pods Frameworks";
			outputFileListPaths = (
				"${PODS_ROOT}/Target Support Files/Pods-ChallengeAI-ChallengeAIUITests/Pods-ChallengeAI-ChallengeAIUITests-frameworks-${CONFIGURATION}-output-files.xcfilelist",
			);
			runOnlyForDeploymentPostprocessing = 0;
			shellPath = /bin/sh;
			shellScript = "\"${PODS_ROOT}/Target Support Files/Pods-ChallengeAI-ChallengeAIUITests/Pods-ChallengeAI-ChallengeAIUITests-frameworks.sh\"\n";
			showEnvVarsInLog = 0;
		};
/* End PBXShellScriptBuildPhase section */

/* Begin PBXSourcesBuildPhase section */
		DAADC9542CACB5AC00B3695C /* Sources */ = {
			isa = PBXSourcesBuildPhase;
			buildActionMask = 2147483647;
			files = (
				DADAAE522CE8051900E47B1B /* fetchAIChallenge.swift in Sources */,
				DADAAE4E2CE8030F00E47B1B /* generateChallenge.swift in Sources */,
				DADA6F722CBDEF8C00DE6808 /* Persistence.swift in Sources */,
				DADA6F732CBDEF8C00DE6808 /* LoginView.swift in Sources */,
				DADA6F742CBDEF8C00DE6808 /* OnboardingView.swift in Sources */,
				DA102B3F2CE1675A002B9DF1 /* AppState.swift in Sources */,
				DA102B412CE2FC74002B9DF1 /* DashboardView.swift in Sources */,
				DADA6F752CBDEF8C00DE6808 /* ContentView.swift in Sources */,
				DADA6F762CBDEF8C00DE6808 /* ChallengeAI.xcdatamodeld in Sources */,
				DADA6F772CBDEF8C00DE6808 /* ChallengeAIApp.swift in Sources */,
				DADAAE542CE8054700E47B1B /* PreferencesView.swift in Sources */,
				DADAAE492CE7EC6200E47B1B /* ForgotPasswordView.swift in Sources */,
				DA102B3D2CE15E2C002B9DF1 /* WelcomeView.swift in Sources */,
				DADAAE562CE8068C00E47B1B /* Challenge.swift in Sources */,
				DADAAE582CE806E000E47B1B /* AIChallengeService.swift in Sources */,
				DADAAE4B2CE802CD00E47B1B /* UserPreferences.swift in Sources */,
				DADAAE502CE8034300E47B1B /* ChallengesView.swift in Sources */,
			);
			runOnlyForDeploymentPostprocessing = 0;
		};
		DAADC96A2CACB5AE00B3695C /* Sources */ = {
			isa = PBXSourcesBuildPhase;
			buildActionMask = 2147483647;
			files = (
			);
			runOnlyForDeploymentPostprocessing = 0;
		};
		DAADC9742CACB5AF00B3695C /* Sources */ = {
			isa = PBXSourcesBuildPhase;
			buildActionMask = 2147483647;
			files = (
			);
			runOnlyForDeploymentPostprocessing = 0;
		};
/* End PBXSourcesBuildPhase section */

/* Begin PBXTargetDependency section */
		DAADC9702CACB5AE00B3695C /* PBXTargetDependency */ = {
			isa = PBXTargetDependency;
			target = DAADC9572CACB5AC00B3695C /* ChallengeAI */;
			targetProxy = DAADC96F2CACB5AE00B3695C /* PBXContainerItemProxy */;
		};
		DAADC97A2CACB5AF00B3695C /* PBXTargetDependency */ = {
			isa = PBXTargetDependency;
			target = DAADC9572CACB5AC00B3695C /* ChallengeAI */;
			targetProxy = DAADC9792CACB5AF00B3695C /* PBXContainerItemProxy */;
		};
/* End PBXTargetDependency section */

/* Begin XCBuildConfiguration section */
		DAADC9802CACB5AF00B3695C /* Debug */ = {
			isa = XCBuildConfiguration;
			buildSettings = {
				ALWAYS_SEARCH_USER_PATHS = NO;
				ASSETCATALOG_COMPILER_GENERATE_SWIFT_ASSET_SYMBOL_EXTENSIONS = YES;
				CLANG_ANALYZER_NONNULL = YES;
				CLANG_ANALYZER_NUMBER_OBJECT_CONVERSION = YES_AGGRESSIVE;
				CLANG_CXX_LANGUAGE_STANDARD = "gnu++20";
				CLANG_ENABLE_MODULES = YES;
				CLANG_ENABLE_OBJC_ARC = YES;
				CLANG_ENABLE_OBJC_WEAK = YES;
				CLANG_WARN_BLOCK_CAPTURE_AUTORELEASING = YES;
				CLANG_WARN_BOOL_CONVERSION = YES;
				CLANG_WARN_COMMA = YES;
				CLANG_WARN_CONSTANT_CONVERSION = YES;
				CLANG_WARN_DEPRECATED_OBJC_IMPLEMENTATIONS = YES;
				CLANG_WARN_DIRECT_OBJC_ISA_USAGE = YES_ERROR;
				CLANG_WARN_DOCUMENTATION_COMMENTS = YES;
				CLANG_WARN_EMPTY_BODY = YES;
				CLANG_WARN_ENUM_CONVERSION = YES;
				CLANG_WARN_INFINITE_RECURSION = YES;
				CLANG_WARN_INT_CONVERSION = YES;
				CLANG_WARN_NON_LITERAL_NULL_CONVERSION = YES;
				CLANG_WARN_OBJC_IMPLICIT_RETAIN_SELF = YES;
				CLANG_WARN_OBJC_LITERAL_CONVERSION = YES;
				CLANG_WARN_OBJC_ROOT_CLASS = YES_ERROR;
				CLANG_WARN_QUOTED_INCLUDE_IN_FRAMEWORK_HEADER = YES;
				CLANG_WARN_RANGE_LOOP_ANALYSIS = YES;
				CLANG_WARN_STRICT_PROTOTYPES = YES;
				CLANG_WARN_SUSPICIOUS_MOVE = YES;
				CLANG_WARN_UNGUARDED_AVAILABILITY = YES_AGGRESSIVE;
				CLANG_WARN_UNREACHABLE_CODE = YES;
				CLANG_WARN__DUPLICATE_METHOD_MATCH = YES;
				COPY_PHASE_STRIP = NO;
				DEBUG_INFORMATION_FORMAT = dwarf;
				ENABLE_STRICT_OBJC_MSGSEND = YES;
				ENABLE_TESTABILITY = YES;
				ENABLE_USER_SCRIPT_SANDBOXING = YES;
				GCC_C_LANGUAGE_STANDARD = gnu17;
				GCC_DYNAMIC_NO_PIC = NO;
				GCC_NO_COMMON_BLOCKS = YES;
				GCC_OPTIMIZATION_LEVEL = 0;
				GCC_PREPROCESSOR_DEFINITIONS = (
					"DEBUG=1",
					"$(inherited)",
				);
				GCC_WARN_64_TO_32_BIT_CONVERSION = YES;
				GCC_WARN_ABOUT_RETURN_TYPE = YES_ERROR;
				GCC_WARN_UNDECLARED_SELECTOR = YES;
				GCC_WARN_UNINITIALIZED_AUTOS = YES_AGGRESSIVE;
				GCC_WARN_UNUSED_FUNCTION = YES;
				GCC_WARN_UNUSED_VARIABLE = YES;
				LOCALIZATION_PREFERS_STRING_CATALOGS = YES;
				MTL_ENABLE_DEBUG_INFO = INCLUDE_SOURCE;
				MTL_FAST_MATH = YES;
				ONLY_ACTIVE_ARCH = YES;
				SWIFT_ACTIVE_COMPILATION_CONDITIONS = "DEBUG $(inherited)";
				SWIFT_OPTIMIZATION_LEVEL = "-Onone";
			};
			name = Debug;
		};
		DAADC9812CACB5AF00B3695C /* Release */ = {
			isa = XCBuildConfiguration;
			buildSettings = {
				ALWAYS_SEARCH_USER_PATHS = NO;
				ASSETCATALOG_COMPILER_GENERATE_SWIFT_ASSET_SYMBOL_EXTENSIONS = YES;
				CLANG_ANALYZER_NONNULL = YES;
				CLANG_ANALYZER_NUMBER_OBJECT_CONVERSION = YES_AGGRESSIVE;
				CLANG_CXX_LANGUAGE_STANDARD = "gnu++20";
				CLANG_ENABLE_MODULES = YES;
				CLANG_ENABLE_OBJC_ARC = YES;
				CLANG_ENABLE_OBJC_WEAK = YES;
				CLANG_WARN_BLOCK_CAPTURE_AUTORELEASING = YES;
				CLANG_WARN_BOOL_CONVERSION = YES;
				CLANG_WARN_COMMA = YES;
				CLANG_WARN_CONSTANT_CONVERSION = YES;
				CLANG_WARN_DEPRECATED_OBJC_IMPLEMENTATIONS = YES;
				CLANG_WARN_DIRECT_OBJC_ISA_USAGE = YES_ERROR;
				CLANG_WARN_DOCUMENTATION_COMMENTS = YES;
				CLANG_WARN_EMPTY_BODY = YES;
				CLANG_WARN_ENUM_CONVERSION = YES;
				CLANG_WARN_INFINITE_RECURSION = YES;
				CLANG_WARN_INT_CONVERSION = YES;
				CLANG_WARN_NON_LITERAL_NULL_CONVERSION = YES;
				CLANG_WARN_OBJC_IMPLICIT_RETAIN_SELF = YES;
				CLANG_WARN_OBJC_LITERAL_CONVERSION = YES;
				CLANG_WARN_OBJC_ROOT_CLASS = YES_ERROR;
				CLANG_WARN_QUOTED_INCLUDE_IN_FRAMEWORK_HEADER = YES;
				CLANG_WARN_RANGE_LOOP_ANALYSIS = YES;
				CLANG_WARN_STRICT_PROTOTYPES = YES;
				CLANG_WARN_SUSPICIOUS_MOVE = YES;
				CLANG_WARN_UNGUARDED_AVAILABILITY = YES_AGGRESSIVE;
				CLANG_WARN_UNREACHABLE_CODE = YES;
				CLANG_WARN__DUPLICATE_METHOD_MATCH = YES;
				COPY_PHASE_STRIP = NO;
				DEBUG_INFORMATION_FORMAT = "dwarf-with-dsym";
				ENABLE_NS_ASSERTIONS = NO;
				ENABLE_STRICT_OBJC_MSGSEND = YES;
				ENABLE_USER_SCRIPT_SANDBOXING = YES;
				GCC_C_LANGUAGE_STANDARD = gnu17;
				GCC_NO_COMMON_BLOCKS = YES;
				GCC_WARN_64_TO_32_BIT_CONVERSION = YES;
				GCC_WARN_ABOUT_RETURN_TYPE = YES_ERROR;
				GCC_WARN_UNDECLARED_SELECTOR = YES;
				GCC_WARN_UNINITIALIZED_AUTOS = YES_AGGRESSIVE;
				GCC_WARN_UNUSED_FUNCTION = YES;
				GCC_WARN_UNUSED_VARIABLE = YES;
				LOCALIZATION_PREFERS_STRING_CATALOGS = YES;
				MTL_ENABLE_DEBUG_INFO = NO;
				MTL_FAST_MATH = YES;
				SWIFT_COMPILATION_MODE = wholemodule;
			};
			name = Release;
		};
		DAADC9832CACB5AF00B3695C /* Debug */ = {
			isa = XCBuildConfiguration;
			baseConfigurationReference = 6ED98833F4A42129EF8403E9 /* Pods-ChallengeAI.debug.xcconfig */;
			buildSettings = {
				ASSETCATALOG_COMPILER_APPICON_NAME = AppIcon;
				ASSETCATALOG_COMPILER_GLOBAL_ACCENT_COLOR_NAME = AccentColor;
				CODE_SIGN_ENTITLEMENTS = ChallengeAI/ChallengeAI.entitlements;
				CODE_SIGN_STYLE = Automatic;
				CURRENT_PROJECT_VERSION = 1;
				DEVELOPMENT_ASSET_PATHS = "\"ChallengeAI/Preview Content\"";
				DEVELOPMENT_TEAM = QFQW29JWKY;
				ENABLE_HARDENED_RUNTIME = YES;
				ENABLE_PREVIEWS = YES;
				ENABLE_USER_SCRIPT_SANDBOXING = NO;
				GENERATE_INFOPLIST_FILE = YES;
				INFOPLIST_KEY_LSApplicationCategoryType = "public.app-category.entertainment";
				"INFOPLIST_KEY_UIApplicationSceneManifest_Generation[sdk=iphoneos*]" = YES;
				"INFOPLIST_KEY_UIApplicationSceneManifest_Generation[sdk=iphonesimulator*]" = YES;
				"INFOPLIST_KEY_UIApplicationSupportsIndirectInputEvents[sdk=iphoneos*]" = YES;
				"INFOPLIST_KEY_UIApplicationSupportsIndirectInputEvents[sdk=iphonesimulator*]" = YES;
				"INFOPLIST_KEY_UILaunchScreen_Generation[sdk=iphoneos*]" = YES;
				"INFOPLIST_KEY_UILaunchScreen_Generation[sdk=iphonesimulator*]" = YES;
				"INFOPLIST_KEY_UIStatusBarStyle[sdk=iphoneos*]" = UIStatusBarStyleDefault;
				"INFOPLIST_KEY_UIStatusBarStyle[sdk=iphonesimulator*]" = UIStatusBarStyleDefault;
				INFOPLIST_KEY_UISupportedInterfaceOrientations_iPad = "UIInterfaceOrientationPortrait UIInterfaceOrientationPortraitUpsideDown UIInterfaceOrientationLandscapeLeft UIInterfaceOrientationLandscapeRight";
				INFOPLIST_KEY_UISupportedInterfaceOrientations_iPhone = "UIInterfaceOrientationPortrait UIInterfaceOrientationLandscapeLeft UIInterfaceOrientationLandscapeRight";
				IPHONEOS_DEPLOYMENT_TARGET = 15.6;
				LD_RUNPATH_SEARCH_PATHS = "@executable_path/Frameworks";
				"LD_RUNPATH_SEARCH_PATHS[sdk=macosx*]" = "@executable_path/../Frameworks";
				MACOSX_DEPLOYMENT_TARGET = 15.0;
				MARKETING_VERSION = 1.0;
				PRODUCT_BUNDLE_IDENTIFIER = com.davalcato.ChallengeAI;
				PRODUCT_NAME = "$(TARGET_NAME)";
				SDKROOT = auto;
				SUPPORTED_PLATFORMS = "iphoneos iphonesimulator macosx xros xrsimulator";
				SWIFT_EMIT_LOC_STRINGS = YES;
				SWIFT_VERSION = 5.0;
				TARGETED_DEVICE_FAMILY = "1,2,7";
				XROS_DEPLOYMENT_TARGET = 2.0;
			};
			name = Debug;
		};
		DAADC9842CACB5AF00B3695C /* Release */ = {
			isa = XCBuildConfiguration;
			baseConfigurationReference = FFECD44F003D3F8EBE28AC82 /* Pods-ChallengeAI.release.xcconfig */;
			buildSettings = {
				ASSETCATALOG_COMPILER_APPICON_NAME = AppIcon;
				ASSETCATALOG_COMPILER_GLOBAL_ACCENT_COLOR_NAME = AccentColor;
				CODE_SIGN_ENTITLEMENTS = ChallengeAI/ChallengeAI.entitlements;
				CODE_SIGN_STYLE = Automatic;
				CURRENT_PROJECT_VERSION = 1;
				DEVELOPMENT_ASSET_PATHS = "\"ChallengeAI/Preview Content\"";
				DEVELOPMENT_TEAM = QFQW29JWKY;
				ENABLE_HARDENED_RUNTIME = YES;
				ENABLE_PREVIEWS = YES;
				ENABLE_USER_SCRIPT_SANDBOXING = NO;
				GENERATE_INFOPLIST_FILE = YES;
				INFOPLIST_KEY_LSApplicationCategoryType = "public.app-category.entertainment";
				"INFOPLIST_KEY_UIApplicationSceneManifest_Generation[sdk=iphoneos*]" = YES;
				"INFOPLIST_KEY_UIApplicationSceneManifest_Generation[sdk=iphonesimulator*]" = YES;
				"INFOPLIST_KEY_UIApplicationSupportsIndirectInputEvents[sdk=iphoneos*]" = YES;
				"INFOPLIST_KEY_UIApplicationSupportsIndirectInputEvents[sdk=iphonesimulator*]" = YES;
				"INFOPLIST_KEY_UILaunchScreen_Generation[sdk=iphoneos*]" = YES;
				"INFOPLIST_KEY_UILaunchScreen_Generation[sdk=iphonesimulator*]" = YES;
				"INFOPLIST_KEY_UIStatusBarStyle[sdk=iphoneos*]" = UIStatusBarStyleDefault;
				"INFOPLIST_KEY_UIStatusBarStyle[sdk=iphonesimulator*]" = UIStatusBarStyleDefault;
				INFOPLIST_KEY_UISupportedInterfaceOrientations_iPad = "UIInterfaceOrientationPortrait UIInterfaceOrientationPortraitUpsideDown UIInterfaceOrientationLandscapeLeft UIInterfaceOrientationLandscapeRight";
				INFOPLIST_KEY_UISupportedInterfaceOrientations_iPhone = "UIInterfaceOrientationPortrait UIInterfaceOrientationLandscapeLeft UIInterfaceOrientationLandscapeRight";
				IPHONEOS_DEPLOYMENT_TARGET = 15.6;
				LD_RUNPATH_SEARCH_PATHS = "@executable_path/Frameworks";
				"LD_RUNPATH_SEARCH_PATHS[sdk=macosx*]" = "@executable_path/../Frameworks";
				MACOSX_DEPLOYMENT_TARGET = 15.0;
				MARKETING_VERSION = 1.0;
				PRODUCT_BUNDLE_IDENTIFIER = com.davalcato.ChallengeAI;
				PRODUCT_NAME = "$(TARGET_NAME)";
				SDKROOT = auto;
				SUPPORTED_PLATFORMS = "iphoneos iphonesimulator macosx xros xrsimulator";
				SWIFT_EMIT_LOC_STRINGS = YES;
				SWIFT_VERSION = 5.0;
				TARGETED_DEVICE_FAMILY = "1,2,7";
				XROS_DEPLOYMENT_TARGET = 2.0;
			};
			name = Release;
		};
		DAADC9862CACB5AF00B3695C /* Debug */ = {
			isa = XCBuildConfiguration;
			baseConfigurationReference = 8031F589D06568C0B69027AB /* Pods-ChallengeAITests.debug.xcconfig */;
			buildSettings = {
				BUNDLE_LOADER = "$(TEST_HOST)";
				CODE_SIGN_STYLE = Automatic;
				CURRENT_PROJECT_VERSION = 1;
				DEVELOPMENT_TEAM = QFQW29JWKY;
				GENERATE_INFOPLIST_FILE = YES;
				IPHONEOS_DEPLOYMENT_TARGET = 15.6;
				MACOSX_DEPLOYMENT_TARGET = 15.0;
				MARKETING_VERSION = 1.0;
				PRODUCT_BUNDLE_IDENTIFIER = com.davalcato.ChallengeAITests;
				PRODUCT_NAME = "$(TARGET_NAME)";
				SDKROOT = auto;
				SUPPORTED_PLATFORMS = "iphoneos iphonesimulator macosx xros xrsimulator";
				SWIFT_EMIT_LOC_STRINGS = NO;
				SWIFT_VERSION = 5.0;
				TARGETED_DEVICE_FAMILY = "1,2,7";
				TEST_HOST = "$(BUILT_PRODUCTS_DIR)/ChallengeAI.app/$(BUNDLE_EXECUTABLE_FOLDER_PATH)/ChallengeAI";
				XROS_DEPLOYMENT_TARGET = 2.0;
			};
			name = Debug;
		};
		DAADC9872CACB5AF00B3695C /* Release */ = {
			isa = XCBuildConfiguration;
			baseConfigurationReference = 5486912CF37DEF70DC5EF67E /* Pods-ChallengeAITests.release.xcconfig */;
			buildSettings = {
				BUNDLE_LOADER = "$(TEST_HOST)";
				CODE_SIGN_STYLE = Automatic;
				CURRENT_PROJECT_VERSION = 1;
				DEVELOPMENT_TEAM = QFQW29JWKY;
				GENERATE_INFOPLIST_FILE = YES;
				IPHONEOS_DEPLOYMENT_TARGET = 15.6;
				MACOSX_DEPLOYMENT_TARGET = 15.0;
				MARKETING_VERSION = 1.0;
				PRODUCT_BUNDLE_IDENTIFIER = com.davalcato.ChallengeAITests;
				PRODUCT_NAME = "$(TARGET_NAME)";
				SDKROOT = auto;
				SUPPORTED_PLATFORMS = "iphoneos iphonesimulator macosx xros xrsimulator";
				SWIFT_EMIT_LOC_STRINGS = NO;
				SWIFT_VERSION = 5.0;
				TARGETED_DEVICE_FAMILY = "1,2,7";
				TEST_HOST = "$(BUILT_PRODUCTS_DIR)/ChallengeAI.app/$(BUNDLE_EXECUTABLE_FOLDER_PATH)/ChallengeAI";
				XROS_DEPLOYMENT_TARGET = 2.0;
			};
			name = Release;
		};
		DAADC9892CACB5AF00B3695C /* Debug */ = {
			isa = XCBuildConfiguration;
			baseConfigurationReference = 245D4830A0B579A71517F65A /* Pods-ChallengeAI-ChallengeAIUITests.debug.xcconfig */;
			buildSettings = {
				CODE_SIGN_STYLE = Automatic;
				CURRENT_PROJECT_VERSION = 1;
				DEVELOPMENT_TEAM = QFQW29JWKY;
				GENERATE_INFOPLIST_FILE = YES;
				IPHONEOS_DEPLOYMENT_TARGET = 18.0;
				MACOSX_DEPLOYMENT_TARGET = 15.0;
				MARKETING_VERSION = 1.0;
				PRODUCT_BUNDLE_IDENTIFIER = com.davalcato.ChallengeAIUITests;
				PRODUCT_NAME = "$(TARGET_NAME)";
				SDKROOT = auto;
				SUPPORTED_PLATFORMS = "iphoneos iphonesimulator macosx xros xrsimulator";
				SWIFT_EMIT_LOC_STRINGS = NO;
				SWIFT_VERSION = 5.0;
				TARGETED_DEVICE_FAMILY = "1,2,7";
				TEST_TARGET_NAME = ChallengeAI;
				XROS_DEPLOYMENT_TARGET = 2.0;
			};
			name = Debug;
		};
		DAADC98A2CACB5AF00B3695C /* Release */ = {
			isa = XCBuildConfiguration;
			baseConfigurationReference = C6509C3641335F927D248E99 /* Pods-ChallengeAI-ChallengeAIUITests.release.xcconfig */;
			buildSettings = {
				CODE_SIGN_STYLE = Automatic;
				CURRENT_PROJECT_VERSION = 1;
				DEVELOPMENT_TEAM = QFQW29JWKY;
				GENERATE_INFOPLIST_FILE = YES;
				IPHONEOS_DEPLOYMENT_TARGET = 18.0;
				MACOSX_DEPLOYMENT_TARGET = 15.0;
				MARKETING_VERSION = 1.0;
				PRODUCT_BUNDLE_IDENTIFIER = com.davalcato.ChallengeAIUITests;
				PRODUCT_NAME = "$(TARGET_NAME)";
				SDKROOT = auto;
				SUPPORTED_PLATFORMS = "iphoneos iphonesimulator macosx xros xrsimulator";
				SWIFT_EMIT_LOC_STRINGS = NO;
				SWIFT_VERSION = 5.0;
				TARGETED_DEVICE_FAMILY = "1,2,7";
				TEST_TARGET_NAME = ChallengeAI;
				XROS_DEPLOYMENT_TARGET = 2.0;
			};
			name = Release;
		};
/* End XCBuildConfiguration section */

/* Begin XCConfigurationList section */
		DAADC9532CACB5AC00B3695C /* Build configuration list for PBXProject "ChallengeAI" */ = {
			isa = XCConfigurationList;
			buildConfigurations = (
				DAADC9802CACB5AF00B3695C /* Debug */,
				DAADC9812CACB5AF00B3695C /* Release */,
			);
			defaultConfigurationIsVisible = 0;
			defaultConfigurationName = Release;
		};
		DAADC9822CACB5AF00B3695C /* Build configuration list for PBXNativeTarget "ChallengeAI" */ = {
			isa = XCConfigurationList;
			buildConfigurations = (
				DAADC9832CACB5AF00B3695C /* Debug */,
				DAADC9842CACB5AF00B3695C /* Release */,
			);
			defaultConfigurationIsVisible = 0;
			defaultConfigurationName = Release;
		};
		DAADC9852CACB5AF00B3695C /* Build configuration list for PBXNativeTarget "ChallengeAITests" */ = {
			isa = XCConfigurationList;
			buildConfigurations = (
				DAADC9862CACB5AF00B3695C /* Debug */,
				DAADC9872CACB5AF00B3695C /* Release */,
			);
			defaultConfigurationIsVisible = 0;
			defaultConfigurationName = Release;
		};
		DAADC9882CACB5AF00B3695C /* Build configuration list for PBXNativeTarget "ChallengeAIUITests" */ = {
			isa = XCConfigurationList;
			buildConfigurations = (
				DAADC9892CACB5AF00B3695C /* Debug */,
				DAADC98A2CACB5AF00B3695C /* Release */,
			);
			defaultConfigurationIsVisible = 0;
			defaultConfigurationName = Release;
		};
/* End XCConfigurationList section */

/* Begin XCVersionGroup section */
		DADA6F6E2CBDEF8C00DE6808 /* ChallengeAI.xcdatamodeld */ = {
			isa = XCVersionGroup;
			children = (
				DADA6F712CBDEF8C00DE6808 /* ChallengeAI.xcdatamodel */,
			);
			currentVersion = DADA6F712CBDEF8C00DE6808 /* ChallengeAI.xcdatamodel */;
			path = ChallengeAI.xcdatamodeld;
			sourceTree = "<group>";
			versionGroupType = wrapper.xcdatamodel;
		};
/* End XCVersionGroup section */
	};
	rootObject = DAADC9502CACB5AC00B3695C /* Project object */;
}
